
Microsoft Visual Studio Solution File, Format Version 12.00
# Visual Studio Version 17
VisualStudioVersion = 17.11.35312.102
MinimumVisualStudioVersion = 10.0.40219.1
Project("{FAE04EC0-301F-11D3-BF4B-00C04F79EFBC}") = "Portfolio.Server", "Portfolio.Server\Portfolio.Server.csproj", "{4DAA8560-8F30-450B-9D6E-ECC1C8E1351E}"
EndProject
Project("{54A90642-561A-4BB1-A94E-469ADEE60C69}") = "portfolio.client", "portfolio.client\portfolio.client.esproj", "{F9C036DB-C185-4A03-8D65-ED1E1A2F50E2}"
EndProject
Global
	GlobalSection(SolutionConfigurationPlatforms) = preSolution
		Debug|Any CPU = Debug|Any CPU
		Release|Any CPU = Release|Any CPU
	EndGlobalSection
	GlobalSection(ProjectConfigurationPlatforms) = postSolution
		{4DAA8560-8F30-450B-9D6E-ECC1C8E1351E}.Debug|Any CPU.ActiveCfg = Debug|Any CPU
		{4DAA8560-8F30-450B-9D6E-ECC1C8E1351E}.Debug|Any CPU.Build.0 = Debug|Any CPU
		{4DAA8560-8F30-450B-9D6E-ECC1C8E1351E}.Release|Any CPU.ActiveCfg = Release|Any CPU
		{4DAA8560-8F30-450B-9D6E-ECC1C8E1351E}.Release|Any CPU.Build.0 = Release|Any CPU
		{F9C036DB-C185-4A03-8D65-ED1E1A2F50E2}.Debug|Any CPU.ActiveCfg = Debug|Any CPU
		{F9C036DB-C185-4A03-8D65-ED1E1A2F50E2}.Debug|Any CPU.Build.0 = Debug|Any CPU
		{F9C036DB-C185-4A03-8D65-ED1E1A2F50E2}.Debug|Any CPU.Deploy.0 = Debug|Any CPU
		{F9C036DB-C185-4A03-8D65-ED1E1A2F50E2}.Release|Any CPU.ActiveCfg = Release|Any CPU
		{F9C036DB-C185-4A03-8D65-ED1E1A2F50E2}.Release|Any CPU.Build.0 = Release|Any CPU
		{F9C036DB-C185-4A03-8D65-ED1E1A2F50E2}.Release|Any CPU.Deploy.0 = Release|Any CPU
	EndGlobalSection
	GlobalSection(SolutionProperties) = preSolution
		HideSolutionNode = FALSE
	EndGlobalSection
	GlobalSection(ExtensibilityGlobals) = postSolution
		SolutionGuid = {982C68DF-F1F8-4B65-B6BE-70E90BFFCCB9}
	EndGlobalSection
EndGlobal
